Microsoft Visual Studio Solution File, Format Version 12.00
# Visual Studio Version 17
VisualStudioVersion = 17.5.2.0
MinimumVisualStudioVersion = 10.0.40219.1
Project("{FAE04EC0-301F-11D3-BF4B-00C04F79EFBC}") = "ValoInfo.Api", "ValoInfo.Api.csproj", "{80D8C28E-8A2B-427D-E021-55B82B90C66D}"
EndProject
Global
	GlobalSection(SolutionConfigurationPlatforms) = preSolution
		Debug|Any CPU = Debug|Any CPU
		Release|Any CPU = Release|Any CPU
	EndGlobalSection
	GlobalSection(ProjectConfigurationPlatforms) = postSolution
		{80D8C28E-8A2B-427D-E021-55B82B90C66D}.Debug|Any CPU.ActiveCfg = Debug|Any CPU
		{80D8C28E-8A2B-427D-E021-55B82B90C66D}.Debug|Any CPU.Build.0 = Debug|Any CPU
		{80D8C28E-8A2B-427D-E021-55B82B90C66D}.Release|Any CPU.ActiveCfg = Release|Any CPU
		{80D8C28E-8A2B-427D-E021-55B82B90C66D}.Release|Any CPU.Build.0 = Release|Any CPU
	EndGlobalSection
	GlobalSection(SolutionProperties) = preSolution
		HideSolutionNode = FALSE
	EndGlobalSection
	GlobalSection(ExtensibilityGlobals) = postSolution
		SolutionGuid = {815040AD-DBFE-4565-A532-1F4465C20E9B}
	EndGlobalSection
EndGlobal
